{
  "name": "adit",
  "version": "0.0.1",
  "lockfileVersion": 3,
  "requires": true,
  "packages": {
    "": {
      "name": "adit",
      "version": "0.0.1",
      "license": "GPL-3.0-or-later",
      "dependencies": {
        "@alpinejs/morph": "^3.13.0",
        "@popperjs/core": "^2.11.8",
        "alpinejs": "^3.13.0",
        "bootstrap": "^5.3.2",
        "bootstrap-icons": "^1.11.1",
        "bootswatch": "^5.3.2",
        "htmx.org": "^1.9.5"
      }
    },
    "node_modules/@alpinejs/morph": {
      "version": "3.13.8",
      "resolved": "https://registry.npmjs.org/@alpinejs/morph/-/morph-3.13.8.tgz",
      "integrity": "sha512-VM8azc7UPIXupU/9T7wvKj+bTudK4ttW+AkXL9SNUyN8ysuq/RGYovetQdYNM1Vz8OfD23KTgO90CpAzDLgz8A=="
    },
    "node_modules/@popperjs/core": {
      "version": "2.11.8",
      "resolved": "https://registry.npmjs.org/@popperjs/core/-/core-2.11.8.tgz",
      "integrity": "sha512-P1st0aksCrn9sGZhp8GMYwBnQsbvAWsZAX44oXNNvLHGqAOcoVxmjZiohstwQ7SqKnbR47akdNi+uleWD8+g6A==",
      "funding": {
        "type": "opencollective",
        "url": "https://opencollective.com/popperjs"
      }
    },
    "node_modules/@vue/reactivity": {
      "version": "3.1.5",
      "resolved": "https://registry.npmjs.org/@vue/reactivity/-/reactivity-3.1.5.tgz",
      "integrity": "sha512-1tdfLmNjWG6t/CsPldh+foumYFo3cpyCHgBYQ34ylaMsJ+SNHQ1kApMIa8jN+i593zQuaw3AdWH0nJTARzCFhg==",
      "dependencies": {
        "@vue/shared": "3.1.5"
      }
    },
    "node_modules/@vue/shared": {
      "version": "3.1.5",
      "resolved": "https://registry.npmjs.org/@vue/shared/-/shared-3.1.5.tgz",
      "integrity": "sha512-oJ4F3TnvpXaQwZJNF3ZK+kLPHKarDmJjJ6jyzVNDKH9md1dptjC7lWR//jrGuLdek/U6iltWxqAnYOu8gCiOvA=="
    },
    "node_modules/alpinejs": {
      "version": "3.13.8",
      "resolved": "https://registry.npmjs.org/alpinejs/-/alpinejs-3.13.8.tgz",
      "integrity": "sha512-XolbBJryCndomtaHd/KHQjQeD/L72FJxy/YhLLFD4Lr7zzGcpcbg+UgXteMR2pYg1KhRUr6V4O3GfN1zJAmRWw==",
      "dependencies": {
        "@vue/reactivity": "~3.1.1"
      }
    },
    "node_modules/bootstrap": {
      "version": "5.3.3",
      "resolved": "https://registry.npmjs.org/bootstrap/-/bootstrap-5.3.3.tgz",
      "integrity": "sha512-8HLCdWgyoMguSO9o+aH+iuZ+aht+mzW0u3HIMzVu7Srrpv7EBBxTnrFlSCskwdY1+EOFQSm7uMJhNQHkdPcmjg==",
      "funding": [
        {
          "type": "github",
          "url": "https://github.com/sponsors/twbs"
        },
        {
          "type": "opencollective",
          "url": "https://opencollective.com/bootstrap"
        }
      ],
      "peerDependencies": {
        "@popperjs/core": "^2.11.8"
      }
    },
    "node_modules/bootstrap-icons": {
      "version": "1.11.3",
      "resolved": "https://registry.npmjs.org/bootstrap-icons/-/bootstrap-icons-1.11.3.tgz",
      "integrity": "sha512-+3lpHrCw/it2/7lBL15VR0HEumaBss0+f/Lb6ZvHISn1mlK83jjFpooTLsMWbIjJMDjDjOExMsTxnXSIT4k4ww==",
      "funding": [
        {
          "type": "github",
          "url": "https://github.com/sponsors/twbs"
        },
        {
          "type": "opencollective",
          "url": "https://opencollective.com/bootstrap"
        }
      ]
    },
    "node_modules/bootswatch": {
      "version": "5.3.3",
      "resolved": "https://registry.npmjs.org/bootswatch/-/bootswatch-5.3.3.tgz",
      "integrity": "sha512-cJLhobnZsVCelU7zdH/L7wpcXAyUoTX4/5l2dWQ0JXgaVK80BdTQNU/ImWwoyIGBeyms4iQDAdNtOfPQZf0Atg=="
    },
    "node_modules/htmx.org": {
      "version": "1.9.11",
      "resolved": "https://registry.npmjs.org/htmx.org/-/htmx.org-1.9.11.tgz",
      "integrity": "sha512-WlVuICn8dfNOOgYmdYzYG8zSnP3++AdHkMHooQAzGZObWpVXYathpz/I37ycF4zikR6YduzfCvEcxk20JkIUsw=="
    }
  }
}
